
Microsoft Visual Studio Solution File, Format Version 12.00
# Visual Studio 14
VisualStudioVersion = 14.0.23107.0
MinimumVisualStudioVersion = 10.0.40219.1
Project("{FAE04EC0-301F-11D3-BF4B-00C04F79EFBC}") = "01. XML Basics", "01. XML Basics\01. XML Basics.csproj", "{06042041-8569-4F00-856B-1236933019CA}"
EndProject
Global
	GlobalSection(SolutionConfigurationPlatforms) = preSolution
		Debug|Any CPU = Debug|Any CPU
		Release|Any CPU = Release|Any CPU
	EndGlobalSection
	GlobalSection(ProjectConfigurationPlatforms) = postSolution
		{06042041-8569-4F00-856B-1236933019CA}.Debug|Any CPU.ActiveCfg = Debug|Any CPU
		{06042041-8569-4F00-856B-1236933019CA}.Debug|Any CPU.Build.0 = Debug|Any CPU
		{06042041-8569-4F00-856B-1236933019CA}.Release|Any CPU.ActiveCfg = Release|Any CPU
		{06042041-8569-4F00-856B-1236933019CA}.Release|Any CPU.Build.0 = Release|Any CPU
	EndGlobalSection
	GlobalSection(SolutionProperties) = preSolution
		HideSolutionNode = FALSE
	EndGlobalSection
EndGlobal
