
Microsoft Visual Studio Solution File, Format Version 12.00
# Visual Studio 14
VisualStudioVersion = 14.0.25123.0
MinimumVisualStudioVersion = 10.0.40219.1
Project("{2150E333-8FDC-42A3-9474-1A3956D46DE8}") = "Solution Items", "Solution Items", "{2A64214A-46E4-4014-8619-E8F5B87EFB7F}"
	ProjectSection(SolutionItems) = preProject
		README.md = README.md
	EndProjectSection
EndProject
Project("{FAE04EC0-301F-11D3-BF4B-00C04F79EFBC}") = "Geometry", "Geometry\Geometry.csproj", "{B1DEE444-BEB9-420E-A768-A7294CCA9DE9}"
EndProject
Project("{FAE04EC0-301F-11D3-BF4B-00C04F79EFBC}") = "Geometry.Tests", "Geometry.Tests\Geometry.Tests.csproj", "{3620EFCA-D2EB-49CC-A3D5-2B74EFA3C172}"
EndProject
Project("{FAE04EC0-301F-11D3-BF4B-00C04F79EFBC}") = "Generics", "Generics\Generics.csproj", "{9BC119F4-01C3-4C17-B601-D1A91F6C03A7}"
EndProject
Global
	GlobalSection(SolutionConfigurationPlatforms) = preSolution
		Debug|Any CPU = Debug|Any CPU
		Release|Any CPU = Release|Any CPU
	EndGlobalSection
	GlobalSection(ProjectConfigurationPlatforms) = postSolution
		{B1DEE444-BEB9-420E-A768-A7294CCA9DE9}.Debug|Any CPU.ActiveCfg = Debug|Any CPU
		{B1DEE444-BEB9-420E-A768-A7294CCA9DE9}.Debug|Any CPU.Build.0 = Debug|Any CPU
		{B1DEE444-BEB9-420E-A768-A7294CCA9DE9}.Release|Any CPU.ActiveCfg = Release|Any CPU
		{B1DEE444-BEB9-420E-A768-A7294CCA9DE9}.Release|Any CPU.Build.0 = Release|Any CPU
		{3620EFCA-D2EB-49CC-A3D5-2B74EFA3C172}.Debug|Any CPU.ActiveCfg = Debug|Any CPU
		{3620EFCA-D2EB-49CC-A3D5-2B74EFA3C172}.Debug|Any CPU.Build.0 = Debug|Any CPU
		{3620EFCA-D2EB-49CC-A3D5-2B74EFA3C172}.Release|Any CPU.ActiveCfg = Release|Any CPU
		{3620EFCA-D2EB-49CC-A3D5-2B74EFA3C172}.Release|Any CPU.Build.0 = Release|Any CPU
		{9BC119F4-01C3-4C17-B601-D1A91F6C03A7}.Debug|Any CPU.ActiveCfg = Debug|Any CPU
		{9BC119F4-01C3-4C17-B601-D1A91F6C03A7}.Debug|Any CPU.Build.0 = Debug|Any CPU
		{9BC119F4-01C3-4C17-B601-D1A91F6C03A7}.Release|Any CPU.ActiveCfg = Release|Any CPU
		{9BC119F4-01C3-4C17-B601-D1A91F6C03A7}.Release|Any CPU.Build.0 = Release|Any CPU
	EndGlobalSection
	GlobalSection(SolutionProperties) = preSolution
		HideSolutionNode = FALSE
	EndGlobalSection
EndGlobal
