
Microsoft Visual Studio Solution File, Format Version 12.00
# Visual Studio 14
VisualStudioVersion = 14.0.25123.0
MinimumVisualStudioVersion = 10.0.40219.1
Project("{2150E333-8FDC-42A3-9474-1A3956D46DE8}") = "Solution Items", "Solution Items", "{EF7D8852-4726-4FCB-B0D6-986A837EFEC6}"
	ProjectSection(SolutionItems) = preProject
		README.md = README.md
	EndProjectSection
EndProject
Project("{FAE04EC0-301F-11D3-BF4B-00C04F79EFBC}") = "Devices", "Devices\Devices.csproj", "{AD49D7CF-3E22-460C-9F9D-33ECFD7F83E7}"
EndProject
Project("{FAE04EC0-301F-11D3-BF4B-00C04F79EFBC}") = "Devices.Tests", "Devices.Tests\Devices.Tests.csproj", "{106887BF-0748-4E9C-941E-C479B9F03EE9}"
EndProject
Project("{FAE04EC0-301F-11D3-BF4B-00C04F79EFBC}") = "CallsManager", "CallsManager\CallsManager.csproj", "{8634C5FC-DB63-425D-813A-596CE71A8E74}"
EndProject
Global
	GlobalSection(SolutionConfigurationPlatforms) = preSolution
		Debug|Any CPU = Debug|Any CPU
		Release|Any CPU = Release|Any CPU
	EndGlobalSection
	GlobalSection(ProjectConfigurationPlatforms) = postSolution
		{AD49D7CF-3E22-460C-9F9D-33ECFD7F83E7}.Debug|Any CPU.ActiveCfg = Debug|Any CPU
		{AD49D7CF-3E22-460C-9F9D-33ECFD7F83E7}.Debug|Any CPU.Build.0 = Debug|Any CPU
		{AD49D7CF-3E22-460C-9F9D-33ECFD7F83E7}.Release|Any CPU.ActiveCfg = Release|Any CPU
		{AD49D7CF-3E22-460C-9F9D-33ECFD7F83E7}.Release|Any CPU.Build.0 = Release|Any CPU
		{106887BF-0748-4E9C-941E-C479B9F03EE9}.Debug|Any CPU.ActiveCfg = Debug|Any CPU
		{106887BF-0748-4E9C-941E-C479B9F03EE9}.Debug|Any CPU.Build.0 = Debug|Any CPU
		{106887BF-0748-4E9C-941E-C479B9F03EE9}.Release|Any CPU.ActiveCfg = Release|Any CPU
		{106887BF-0748-4E9C-941E-C479B9F03EE9}.Release|Any CPU.Build.0 = Release|Any CPU
		{8634C5FC-DB63-425D-813A-596CE71A8E74}.Debug|Any CPU.ActiveCfg = Debug|Any CPU
		{8634C5FC-DB63-425D-813A-596CE71A8E74}.Debug|Any CPU.Build.0 = Debug|Any CPU
		{8634C5FC-DB63-425D-813A-596CE71A8E74}.Release|Any CPU.ActiveCfg = Release|Any CPU
		{8634C5FC-DB63-425D-813A-596CE71A8E74}.Release|Any CPU.Build.0 = Release|Any CPU
	EndGlobalSection
	GlobalSection(SolutionProperties) = preSolution
		HideSolutionNode = FALSE
	EndGlobalSection
EndGlobal
