
Microsoft Visual Studio Solution File, Format Version 12.00
# Visual Studio 14
VisualStudioVersion = 14.0.25420.1
MinimumVisualStudioVersion = 10.0.40219.1
Project("{2150E333-8FDC-42A3-9474-1A3956D46DE8}") = "Solution Items", "Solution Items", "{ED691B90-9954-44DD-99AC-8E504142E33B}"
	ProjectSection(SolutionItems) = preProject
		README.md = README.md
	EndProjectSection
EndProject
Project("{FAE04EC0-301F-11D3-BF4B-00C04F79EFBC}") = "SumAndAverage", "SumAndAverage\SumAndAverage.csproj", "{BA0EF395-F144-498C-95D0-02C6F85451F6}"
EndProject
Project("{FAE04EC0-301F-11D3-BF4B-00C04F79EFBC}") = "ReverseSequenceWithStack", "ReverseSequenceWithStack\ReverseSequenceWithStack.csproj", "{0176AF04-9329-4870-925A-8961773D3CD9}"
EndProject
Project("{FAE04EC0-301F-11D3-BF4B-00C04F79EFBC}") = "SortSequence", "SortSequence\SortSequence.csproj", "{68F61F90-405D-49B5-9CB4-B82AA4F7E9B6}"
EndProject
Project("{FAE04EC0-301F-11D3-BF4B-00C04F79EFBC}") = "LongestSubsequence", "LongestSubsequence\LongestSubsequence.csproj", "{9E3EBD63-B72D-4F53-981C-A68F6D23C85A}"
EndProject
Global
	GlobalSection(SolutionConfigurationPlatforms) = preSolution
		Debug|Any CPU = Debug|Any CPU
		Release|Any CPU = Release|Any CPU
	EndGlobalSection
	GlobalSection(ProjectConfigurationPlatforms) = postSolution
		{BA0EF395-F144-498C-95D0-02C6F85451F6}.Debug|Any CPU.ActiveCfg = Debug|Any CPU
		{BA0EF395-F144-498C-95D0-02C6F85451F6}.Debug|Any CPU.Build.0 = Debug|Any CPU
		{BA0EF395-F144-498C-95D0-02C6F85451F6}.Release|Any CPU.ActiveCfg = Release|Any CPU
		{BA0EF395-F144-498C-95D0-02C6F85451F6}.Release|Any CPU.Build.0 = Release|Any CPU
		{0176AF04-9329-4870-925A-8961773D3CD9}.Debug|Any CPU.ActiveCfg = Debug|Any CPU
		{0176AF04-9329-4870-925A-8961773D3CD9}.Debug|Any CPU.Build.0 = Debug|Any CPU
		{0176AF04-9329-4870-925A-8961773D3CD9}.Release|Any CPU.ActiveCfg = Release|Any CPU
		{0176AF04-9329-4870-925A-8961773D3CD9}.Release|Any CPU.Build.0 = Release|Any CPU
		{68F61F90-405D-49B5-9CB4-B82AA4F7E9B6}.Debug|Any CPU.ActiveCfg = Debug|Any CPU
		{68F61F90-405D-49B5-9CB4-B82AA4F7E9B6}.Debug|Any CPU.Build.0 = Debug|Any CPU
		{68F61F90-405D-49B5-9CB4-B82AA4F7E9B6}.Release|Any CPU.ActiveCfg = Release|Any CPU
		{68F61F90-405D-49B5-9CB4-B82AA4F7E9B6}.Release|Any CPU.Build.0 = Release|Any CPU
		{9E3EBD63-B72D-4F53-981C-A68F6D23C85A}.Debug|Any CPU.ActiveCfg = Debug|Any CPU
		{9E3EBD63-B72D-4F53-981C-A68F6D23C85A}.Debug|Any CPU.Build.0 = Debug|Any CPU
		{9E3EBD63-B72D-4F53-981C-A68F6D23C85A}.Release|Any CPU.ActiveCfg = Release|Any CPU
		{9E3EBD63-B72D-4F53-981C-A68F6D23C85A}.Release|Any CPU.Build.0 = Release|Any CPU
	EndGlobalSection
	GlobalSection(SolutionProperties) = preSolution
		HideSolutionNode = FALSE
	EndGlobalSection
EndGlobal
