
Microsoft Visual Studio Solution File, Format Version 12.00
# Visual Studio 14
VisualStudioVersion = 14.0.23107.0
MinimumVisualStudioVersion = 10.0.40219.1
Project("{FAE04EC0-301F-11D3-BF4B-00C04F79EFBC}") = "01. NorthwindDBContext", "NorthwindDBContext\01. NorthwindDBContext.csproj", "{625769CC-5003-4684-8A3A-F87EDD52AE78}"
EndProject
Project("{FAE04EC0-301F-11D3-BF4B-00C04F79EFBC}") = "02. DataAccessObject", "DataAccessObject\02. DataAccessObject.csproj", "{BD021C86-1413-4734-803D-FCA819D184E5}"
EndProject
Project("{FAE04EC0-301F-11D3-BF4B-00C04F79EFBC}") = "03. CustomersOrdersEF", "CustomersOrdersEF\03. CustomersOrdersEF.csproj", "{EF29F9F3-D7D8-4412-AD2D-3A29D6C60D96}"
EndProject
Project("{FAE04EC0-301F-11D3-BF4B-00C04F79EFBC}") = "04. CustomersOrdersSql", "CustomersOrdersSql\04. CustomersOrdersSql.csproj", "{3936A481-3C15-4D29-A44F-4970779DC151}"
EndProject
Project("{FAE04EC0-301F-11D3-BF4B-00C04F79EFBC}") = "05. Sales", "Sales\05. Sales.csproj", "{E0EFDE2B-C0D1-4F72-9A95-266189D09F0B}"
EndProject
Project("{FAE04EC0-301F-11D3-BF4B-00C04F79EFBC}") = "06. NorthwindTwin", "NorthwindTwin\06. NorthwindTwin.csproj", "{98FDBED2-B6A8-44CD-9841-9DC2C4F00DA5}"
EndProject
Project("{FAE04EC0-301F-11D3-BF4B-00C04F79EFBC}") = "07. MultipleDbContexts", "MultipleDbContexts\07. MultipleDbContexts.csproj", "{BC32B107-07A5-4CED-8527-1CEFB0A52C2C}"
EndProject
Project("{FAE04EC0-301F-11D3-BF4B-00C04F79EFBC}") = "08. EmployeeTerritories", "EmployeeTerritories\08. EmployeeTerritories.csproj", "{73DBD5C2-248E-41D9-A639-A0A0A2DECFB4}"
EndProject
Global
	GlobalSection(SolutionConfigurationPlatforms) = preSolution
		Debug|Any CPU = Debug|Any CPU
		Release|Any CPU = Release|Any CPU
	EndGlobalSection
	GlobalSection(ProjectConfigurationPlatforms) = postSolution
		{625769CC-5003-4684-8A3A-F87EDD52AE78}.Debug|Any CPU.ActiveCfg = Debug|Any CPU
		{625769CC-5003-4684-8A3A-F87EDD52AE78}.Debug|Any CPU.Build.0 = Debug|Any CPU
		{625769CC-5003-4684-8A3A-F87EDD52AE78}.Release|Any CPU.ActiveCfg = Release|Any CPU
		{625769CC-5003-4684-8A3A-F87EDD52AE78}.Release|Any CPU.Build.0 = Release|Any CPU
		{BD021C86-1413-4734-803D-FCA819D184E5}.Debug|Any CPU.ActiveCfg = Debug|Any CPU
		{BD021C86-1413-4734-803D-FCA819D184E5}.Debug|Any CPU.Build.0 = Debug|Any CPU
		{BD021C86-1413-4734-803D-FCA819D184E5}.Release|Any CPU.ActiveCfg = Release|Any CPU
		{BD021C86-1413-4734-803D-FCA819D184E5}.Release|Any CPU.Build.0 = Release|Any CPU
		{EF29F9F3-D7D8-4412-AD2D-3A29D6C60D96}.Debug|Any CPU.ActiveCfg = Debug|Any CPU
		{EF29F9F3-D7D8-4412-AD2D-3A29D6C60D96}.Debug|Any CPU.Build.0 = Debug|Any CPU
		{EF29F9F3-D7D8-4412-AD2D-3A29D6C60D96}.Release|Any CPU.ActiveCfg = Release|Any CPU
		{EF29F9F3-D7D8-4412-AD2D-3A29D6C60D96}.Release|Any CPU.Build.0 = Release|Any CPU
		{3936A481-3C15-4D29-A44F-4970779DC151}.Debug|Any CPU.ActiveCfg = Debug|Any CPU
		{3936A481-3C15-4D29-A44F-4970779DC151}.Debug|Any CPU.Build.0 = Debug|Any CPU
		{3936A481-3C15-4D29-A44F-4970779DC151}.Release|Any CPU.ActiveCfg = Release|Any CPU
		{3936A481-3C15-4D29-A44F-4970779DC151}.Release|Any CPU.Build.0 = Release|Any CPU
		{E0EFDE2B-C0D1-4F72-9A95-266189D09F0B}.Debug|Any CPU.ActiveCfg = Debug|Any CPU
		{E0EFDE2B-C0D1-4F72-9A95-266189D09F0B}.Debug|Any CPU.Build.0 = Debug|Any CPU
		{E0EFDE2B-C0D1-4F72-9A95-266189D09F0B}.Release|Any CPU.ActiveCfg = Release|Any CPU
		{E0EFDE2B-C0D1-4F72-9A95-266189D09F0B}.Release|Any CPU.Build.0 = Release|Any CPU
		{98FDBED2-B6A8-44CD-9841-9DC2C4F00DA5}.Debug|Any CPU.ActiveCfg = Debug|Any CPU
		{98FDBED2-B6A8-44CD-9841-9DC2C4F00DA5}.Debug|Any CPU.Build.0 = Debug|Any CPU
		{98FDBED2-B6A8-44CD-9841-9DC2C4F00DA5}.Release|Any CPU.ActiveCfg = Release|Any CPU
		{98FDBED2-B6A8-44CD-9841-9DC2C4F00DA5}.Release|Any CPU.Build.0 = Release|Any CPU
		{BC32B107-07A5-4CED-8527-1CEFB0A52C2C}.Debug|Any CPU.ActiveCfg = Debug|Any CPU
		{BC32B107-07A5-4CED-8527-1CEFB0A52C2C}.Debug|Any CPU.Build.0 = Debug|Any CPU
		{BC32B107-07A5-4CED-8527-1CEFB0A52C2C}.Release|Any CPU.ActiveCfg = Release|Any CPU
		{BC32B107-07A5-4CED-8527-1CEFB0A52C2C}.Release|Any CPU.Build.0 = Release|Any CPU
		{73DBD5C2-248E-41D9-A639-A0A0A2DECFB4}.Debug|Any CPU.ActiveCfg = Debug|Any CPU
		{73DBD5C2-248E-41D9-A639-A0A0A2DECFB4}.Debug|Any CPU.Build.0 = Debug|Any CPU
		{73DBD5C2-248E-41D9-A639-A0A0A2DECFB4}.Release|Any CPU.ActiveCfg = Release|Any CPU
		{73DBD5C2-248E-41D9-A639-A0A0A2DECFB4}.Release|Any CPU.Build.0 = Release|Any CPU
	EndGlobalSection
	GlobalSection(SolutionProperties) = preSolution
		HideSolutionNode = FALSE
	EndGlobalSection
EndGlobal
